{
    "_readme": [
        "This file locks the dependencies of your project to a known state",
        "Read more about it at https://getcomposer.org/doc/01-basic-usage.md#installing-dependencies",
        "This file is @generated automatically"
    ],
    "content-hash": "22a6023020a31bd51d30f91414453431",
    "packages": [
        {
            "name": "dibi/dibi",
            "version": "v4.2.2",
            "source": {
                "type": "git",
                "url": "https://github.com/dg/dibi.git",
                "reference": "95c3f72a1791e0efe93a511664f7b5444398ca36"
            },
            "dist": {
                "type": "zip",
                "url": "https://api.github.com/repos/dg/dibi/zipball/95c3f72a1791e0efe93a511664f7b5444398ca36",
                "reference": "95c3f72a1791e0efe93a511664f7b5444398ca36",
                "shasum": ""
            },
            "require": {
                "php": ">=7.2"
            },
            "replace": {
                "dg/dibi": "*"
            },
            "require-dev": {
                "nette/di": "^3.0",
                "nette/tester": "~2.0",
                "phpstan/phpstan": "^0.12",
                "tracy/tracy": "~2.2"
            },
            "type": "library",
            "extra": {
                "branch-alias": {
                    "dev-master": "4.2-dev"
                }
            },
            "autoload": {
                "classmap": [
                    "src/"
                ]
            },
            "notification-url": "https://packagist.org/downloads/",
            "license": [
                "BSD-3-Clause",
                "GPL-2.0-only",
                "GPL-3.0-only"
            ],
            "authors": [
                {
                    "name": "David Grudl",
                    "homepage": "https://davidgrudl.com"
                }
            ],
            "description": "Dibi is Database Abstraction Library for PHP",
            "homepage": "https://dibiphp.com",
            "keywords": [
                "access",
                "database",
                "dbal",
                "mssql",
                "mysql",
                "odbc",
                "oracle",
                "pdo",
                "postgresql",
                "sqlite",
                "sqlsrv"
            ],
            "support": {
                "issues": "https://github.com/dg/dibi/issues",
                "source": "https://github.com/dg/dibi/tree/v4.2.2"
            },
            "time": "2021-04-21T11:56:00+00:00"
        }
    ],
    "packages-dev": [],
    "aliases": [],
    "minimum-stability": "stable",
    "stability-flags": [],
    "prefer-stable": false,
    "prefer-lowest": false,
    "platform": [],
    "platform-dev": [],
    "plugin-api-version": "2.1.0"
}
